// !$*UTF8*$!
{
	archiveVersion = 1;
	classes = {
	};
	objectVersion = 56;
	objects = {

/* Begin PBXBuildFile section */
		B4110A9C2CA34E0500A402B4 /* AppDelegate.swift in Sources */ = {isa = PBXBuildFile; fileRef = B4110A9B2CA34E0500A402B4 /* AppDelegate.swift */; };
		B4110A9E2CA34E0500A402B4 /* SceneDelegate.swift in Sources */ = {isa = PBXBuildFile; fileRef = B4110A9D2CA34E0500A402B4 /* SceneDelegate.swift */; };
		B4110AA02CA34E0500A402B4 /* SelectSunSignVC.swift in Sources */ = {isa = PBXBuildFile; fileRef = B4110A9F2CA34E0500A402B4 /* SelectSunSignVC.swift */; };
		B4110AA52CA34E0600A402B4 /* Assets.xcassets in Resources */ = {isa = PBXBuildFile; fileRef = B4110AA42CA34E0600A402B4 /* Assets.xcassets */; };
		B4110AB32CA3549500A402B4 /* SunSignCell.swift in Sources */ = {isa = PBXBuildFile; fileRef = B4110AB22CA3549500A402B4 /* SunSignCell.swift */; };
		B4110AB82CA69EA700A402B4 /* SunSign.swift in Sources */ = {isa = PBXBuildFile; fileRef = B4110AB72CA69EA700A402B4 /* SunSign.swift */; };
		B466EC672CADC439001C8642 /* Constants.swift in Sources */ = {isa = PBXBuildFile; fileRef = B466EC662CADC439001C8642 /* Constants.swift */; };
		B466EC692CADC99F001C8642 /* Zodiac.json in Resources */ = {isa = PBXBuildFile; fileRef = B466EC682CADC99F001C8642 /* Zodiac.json */; };
		B466EC6B2CADD3D1001C8642 /* ZodiacSign.swift in Sources */ = {isa = PBXBuildFile; fileRef = B466EC6A2CADD3D1001C8642 /* ZodiacSign.swift */; };
		B466EC6E2CADD922001C8642 /* Date+Ext.swift in Sources */ = {isa = PBXBuildFile; fileRef = B466EC6D2CADD922001C8642 /* Date+Ext.swift */; };
		B466EC712CAE76AB001C8642 /* PersistenceManager.swift in Sources */ = {isa = PBXBuildFile; fileRef = B466EC702CAE76AB001C8642 /* PersistenceManager.swift */; };
		B466EC732CAEB4B0001C8642 /* AlertView.swift in Sources */ = {isa = PBXBuildFile; fileRef = B466EC722CAEB4B0001C8642 /* AlertView.swift */; };
		B466EC772CAEB5E9001C8642 /* TitleLabel.swift in Sources */ = {isa = PBXBuildFile; fileRef = B466EC762CAEB5E9001C8642 /* TitleLabel.swift */; };
		B466EC7D2CAF08E4001C8642 /* AlertViewController.swift in Sources */ = {isa = PBXBuildFile; fileRef = B466EC7C2CAF08E4001C8642 /* AlertViewController.swift */; };
		B466EC7F2CAF09E4001C8642 /* UIViewController+Ext.swift in Sources */ = {isa = PBXBuildFile; fileRef = B466EC7E2CAF09E4001C8642 /* UIViewController+Ext.swift */; };
		B466EC812CAF1911001C8642 /* HoroscopeDetailsVC.swift in Sources */ = {isa = PBXBuildFile; fileRef = B466EC802CAF1911001C8642 /* HoroscopeDetailsVC.swift */; };
		B466EC832CAFAFE1001C8642 /* ScrollableVC.swift in Sources */ = {isa = PBXBuildFile; fileRef = B466EC822CAFAFE1001C8642 /* ScrollableVC.swift */; };
		B466ECA52CB31161001C8642 /* TraitsVC.swift in Sources */ = {isa = PBXBuildFile; fileRef = B466ECA42CB31161001C8642 /* TraitsVC.swift */; };
		B466ECA72CB3129F001C8642 /* HoroscopeVC.swift in Sources */ = {isa = PBXBuildFile; fileRef = B466ECA62CB3129F001C8642 /* HoroscopeVC.swift */; };
		B466ECAA2CB3174E001C8642 /* HeaderView.swift in Sources */ = {isa = PBXBuildFile; fileRef = B466ECA92CB3174E001C8642 /* HeaderView.swift */; };
		B466ECAC2CB4FF43001C8642 /* SignView.swift in Sources */ = {isa = PBXBuildFile; fileRef = B466ECAB2CB4FF43001C8642 /* SignView.swift */; };
		B466ECAE2CB6A21D001C8642 /* Traits.swift in Sources */ = {isa = PBXBuildFile; fileRef = B466ECAD2CB6A21D001C8642 /* Traits.swift */; };
		B466ECB02CB6A7AD001C8642 /* NetworkManager.swift in Sources */ = {isa = PBXBuildFile; fileRef = B466ECAF2CB6A7AD001C8642 /* NetworkManager.swift */; };
		B466ECB22CB6A82E001C8642 /* HoroscopeError.swift in Sources */ = {isa = PBXBuildFile; fileRef = B466ECB12CB6A82E001C8642 /* HoroscopeError.swift */; };
		B466ECB42CB7CDB1001C8642 /* ZodiacTraitCacheManager.swift in Sources */ = {isa = PBXBuildFile; fileRef = B466ECB32CB7CDB1001C8642 /* ZodiacTraitCacheManager.swift */; };
/* End PBXBuildFile section */

/* Begin PBXFileReference section */
		B4110A982CA34E0500A402B4 /* HoroscopeApp.app */ = {isa = PBXFileReference; explicitFileType = wrapper.application; includeInIndex = 0; path = HoroscopeApp.app; sourceTree = BUILT_PRODUCTS_DIR; };
		B4110A9B2CA34E0500A402B4 /* AppDelegate.swift */ = {isa = PBXFileReference; lastKnownFileType = sourcecode.swift; path = AppDelegate.swift; sourceTree = "<group>"; };
		B4110A9D2CA34E0500A402B4 /* SceneDelegate.swift */ = {isa = PBXFileReference; lastKnownFileType = sourcecode.swift; path = SceneDelegate.swift; sourceTree = "<group>"; };
		B4110A9F2CA34E0500A402B4 /* SelectSunSignVC.swift */ = {isa = PBXFileReference; lastKnownFileType = sourcecode.swift; path = SelectSunSignVC.swift; sourceTree = "<group>"; };
		B4110AA42CA34E0600A402B4 /* Assets.xcassets */ = {isa = PBXFileReference; lastKnownFileType = folder.assetcatalog; path = Assets.xcassets; sourceTree = "<group>"; };
		B4110AA92CA34E0600A402B4 /* Info.plist */ = {isa = PBXFileReference; lastKnownFileType = text.plist.xml; path = Info.plist; sourceTree = "<group>"; };
		B4110AB22CA3549500A402B4 /* SunSignCell.swift */ = {isa = PBXFileReference; lastKnownFileType = sourcecode.swift; path = SunSignCell.swift; sourceTree = "<group>"; };
		B4110AB72CA69EA700A402B4 /* SunSign.swift */ = {isa = PBXFileReference; lastKnownFileType = sourcecode.swift; path = SunSign.swift; sourceTree = "<group>"; };
		B466EC662CADC439001C8642 /* Constants.swift */ = {isa = PBXFileReference; lastKnownFileType = sourcecode.swift; path = Constants.swift; sourceTree = "<group>"; };
		B466EC682CADC99F001C8642 /* Zodiac.json */ = {isa = PBXFileReference; lastKnownFileType = text.json; path = Zodiac.json; sourceTree = "<group>"; };
		B466EC6A2CADD3D1001C8642 /* ZodiacSign.swift */ = {isa = PBXFileReference; lastKnownFileType = sourcecode.swift; path = ZodiacSign.swift; sourceTree = "<group>"; };
		B466EC6D2CADD922001C8642 /* Date+Ext.swift */ = {isa = PBXFileReference; lastKnownFileType = sourcecode.swift; path = "Date+Ext.swift"; sourceTree = "<group>"; };
		B466EC702CAE76AB001C8642 /* PersistenceManager.swift */ = {isa = PBXFileReference; lastKnownFileType = sourcecode.swift; path = PersistenceManager.swift; sourceTree = "<group>"; };
		B466EC722CAEB4B0001C8642 /* AlertView.swift */ = {isa = PBXFileReference; lastKnownFileType = sourcecode.swift; path = AlertView.swift; sourceTree = "<group>"; };
		B466EC762CAEB5E9001C8642 /* TitleLabel.swift */ = {isa = PBXFileReference; lastKnownFileType = sourcecode.swift; path = TitleLabel.swift; sourceTree = "<group>"; };
		B466EC7C2CAF08E4001C8642 /* AlertViewController.swift */ = {isa = PBXFileReference; lastKnownFileType = sourcecode.swift; path = AlertViewController.swift; sourceTree = "<group>"; };
		B466EC7E2CAF09E4001C8642 /* UIViewController+Ext.swift */ = {isa = PBXFileReference; lastKnownFileType = sourcecode.swift; path = "UIViewController+Ext.swift"; sourceTree = "<group>"; };
		B466EC802CAF1911001C8642 /* HoroscopeDetailsVC.swift */ = {isa = PBXFileReference; lastKnownFileType = sourcecode.swift; path = HoroscopeDetailsVC.swift; sourceTree = "<group>"; };
		B466EC822CAFAFE1001C8642 /* ScrollableVC.swift */ = {isa = PBXFileReference; lastKnownFileType = sourcecode.swift; path = ScrollableVC.swift; sourceTree = "<group>"; };
		B466ECA42CB31161001C8642 /* TraitsVC.swift */ = {isa = PBXFileReference; lastKnownFileType = sourcecode.swift; path = TraitsVC.swift; sourceTree = "<group>"; };
		B466ECA62CB3129F001C8642 /* HoroscopeVC.swift */ = {isa = PBXFileReference; lastKnownFileType = sourcecode.swift; path = HoroscopeVC.swift; sourceTree = "<group>"; };
		B466ECA92CB3174E001C8642 /* HeaderView.swift */ = {isa = PBXFileReference; lastKnownFileType = sourcecode.swift; path = HeaderView.swift; sourceTree = "<group>"; };
		B466ECAB2CB4FF43001C8642 /* SignView.swift */ = {isa = PBXFileReference; lastKnownFileType = sourcecode.swift; path = SignView.swift; sourceTree = "<group>"; };
		B466ECAD2CB6A21D001C8642 /* Traits.swift */ = {isa = PBXFileReference; lastKnownFileType = sourcecode.swift; path = Traits.swift; sourceTree = "<group>"; };
		B466ECAF2CB6A7AD001C8642 /* NetworkManager.swift */ = {isa = PBXFileReference; lastKnownFileType = sourcecode.swift; path = NetworkManager.swift; sourceTree = "<group>"; };
		B466ECB12CB6A82E001C8642 /* HoroscopeError.swift */ = {isa = PBXFileReference; lastKnownFileType = sourcecode.swift; path = HoroscopeError.swift; sourceTree = "<group>"; };
		B466ECB32CB7CDB1001C8642 /* ZodiacTraitCacheManager.swift */ = {isa = PBXFileReference; lastKnownFileType = sourcecode.swift; path = ZodiacTraitCacheManager.swift; sourceTree = "<group>"; };
/* End PBXFileReference section */

/* Begin PBXFrameworksBuildPhase section */
		B4110A952CA34E0500A402B4 /* Frameworks */ = {
			isa = PBXFrameworksBuildPhase;
			buildActionMask = 2147483647;
			files = (
			);
			runOnlyForDeploymentPostprocessing = 0;
		};
/* End PBXFrameworksBuildPhase section */

/* Begin PBXGroup section */
		B4110A8F2CA34E0500A402B4 = {
			isa = PBXGroup;
			children = (
				B4110A9A2CA34E0500A402B4 /* HoroscopeApp */,
				B4110A992CA34E0500A402B4 /* Products */,
			);
			sourceTree = "<group>";
		};
		B4110A992CA34E0500A402B4 /* Products */ = {
			isa = PBXGroup;
			children = (
				B4110A982CA34E0500A402B4 /* HoroscopeApp.app */,
			);
			name = Products;
			sourceTree = "<group>";
		};
		B4110A9A2CA34E0500A402B4 /* HoroscopeApp */ = {
			isa = PBXGroup;
			children = (
				B466EC6F2CAE7698001C8642 /* Managers */,
				B466EC6C2CADD906001C8642 /* Extensions */,
				B4110AB62CA69E9200A402B4 /* Model */,
				B4110AB42CA696C400A402B4 /* CustomViews */,
				B4110AAF2CA353C400A402B4 /* Screens */,
				B466EC652CADC413001C8642 /* Utilities */,
				B4110A9B2CA34E0500A402B4 /* AppDelegate.swift */,
				B4110A9D2CA34E0500A402B4 /* SceneDelegate.swift */,
				B4110AA42CA34E0600A402B4 /* Assets.xcassets */,
				B4110AA92CA34E0600A402B4 /* Info.plist */,
			);
			path = HoroscopeApp;
			sourceTree = "<group>";
		};
		B4110AAF2CA353C400A402B4 /* Screens */ = {
			isa = PBXGroup;
			children = (
				B4110A9F2CA34E0500A402B4 /* SelectSunSignVC.swift */,
				B466EC802CAF1911001C8642 /* HoroscopeDetailsVC.swift */,
				B466ECA42CB31161001C8642 /* TraitsVC.swift */,
				B466ECA62CB3129F001C8642 /* HoroscopeVC.swift */,
			);
			path = Screens;
			sourceTree = "<group>";
		};
		B4110AB42CA696C400A402B4 /* CustomViews */ = {
			isa = PBXGroup;
			children = (
				B466ECA82CB3173F001C8642 /* Views */,
				B466EC7B2CAF08C9001C8642 /* ViewControllers */,
				B466EC752CAEB5CF001C8642 /* Label */,
				B466EC742CAEB4B7001C8642 /* Alerts */,
				B4110AB52CA696CB00A402B4 /* Cells */,
			);
			path = CustomViews;
			sourceTree = "<group>";
		};
		B4110AB52CA696CB00A402B4 /* Cells */ = {
			isa = PBXGroup;
			children = (
				B4110AB22CA3549500A402B4 /* SunSignCell.swift */,
			);
			path = Cells;
			sourceTree = "<group>";
		};
		B4110AB62CA69E9200A402B4 /* Model */ = {
			isa = PBXGroup;
			children = (
				B4110AB72CA69EA700A402B4 /* SunSign.swift */,
				B466EC6A2CADD3D1001C8642 /* ZodiacSign.swift */,
				B466ECAD2CB6A21D001C8642 /* Traits.swift */,
			);
			path = Model;
			sourceTree = "<group>";
		};
		B466EC652CADC413001C8642 /* Utilities */ = {
			isa = PBXGroup;
			children = (
				B466EC662CADC439001C8642 /* Constants.swift */,
				B466EC682CADC99F001C8642 /* Zodiac.json */,
				B466ECB12CB6A82E001C8642 /* HoroscopeError.swift */,
			);
			path = Utilities;
			sourceTree = "<group>";
		};
		B466EC6C2CADD906001C8642 /* Extensions */ = {
			isa = PBXGroup;
			children = (
				B466EC6D2CADD922001C8642 /* Date+Ext.swift */,
				B466EC7E2CAF09E4001C8642 /* UIViewController+Ext.swift */,
			);
			path = Extensions;
			sourceTree = "<group>";
		};
		B466EC6F2CAE7698001C8642 /* Managers */ = {
			isa = PBXGroup;
			children = (
				B466EC702CAE76AB001C8642 /* PersistenceManager.swift */,
				B466ECAF2CB6A7AD001C8642 /* NetworkManager.swift */,
				B466ECB32CB7CDB1001C8642 /* ZodiacTraitCacheManager.swift */,
			);
			path = Managers;
			sourceTree = "<group>";
		};
		B466EC742CAEB4B7001C8642 /* Alerts */ = {
			isa = PBXGroup;
			children = (
				B466EC722CAEB4B0001C8642 /* AlertView.swift */,
			);
			path = Alerts;
			sourceTree = "<group>";
		};
		B466EC752CAEB5CF001C8642 /* Label */ = {
			isa = PBXGroup;
			children = (
				B466EC762CAEB5E9001C8642 /* TitleLabel.swift */,
			);
			path = Label;
			sourceTree = "<group>";
		};
		B466EC7B2CAF08C9001C8642 /* ViewControllers */ = {
			isa = PBXGroup;
			children = (
				B466EC7C2CAF08E4001C8642 /* AlertViewController.swift */,
				B466EC822CAFAFE1001C8642 /* ScrollableVC.swift */,
			);
			path = ViewControllers;
			sourceTree = "<group>";
		};
		B466ECA82CB3173F001C8642 /* Views */ = {
			isa = PBXGroup;
			children = (
				B466ECA92CB3174E001C8642 /* HeaderView.swift */,
				B466ECAB2CB4FF43001C8642 /* SignView.swift */,
			);
			path = Views;
			sourceTree = "<group>";
		};
/* End PBXGroup section */

/* Begin PBXNativeTarget section */
		B4110A972CA34E0500A402B4 /* HoroscopeApp */ = {
			isa = PBXNativeTarget;
			buildConfigurationList = B4110AAC2CA34E0600A402B4 /* Build configuration list for PBXNativeTarget "HoroscopeApp" */;
			buildPhases = (
				B4110A942CA34E0500A402B4 /* Sources */,
				B4110A952CA34E0500A402B4 /* Frameworks */,
				B4110A962CA34E0500A402B4 /* Resources */,
			);
			buildRules = (
			);
			dependencies = (
			);
			name = HoroscopeApp;
			productName = HoroscopeApp;
			productReference = B4110A982CA34E0500A402B4 /* HoroscopeApp.app */;
			productType = "com.apple.product-type.application";
		};
/* End PBXNativeTarget section */

/* Begin PBXProject section */
		B4110A902CA34E0500A402B4 /* Project object */ = {
			isa = PBXProject;
			attributes = {
				BuildIndependentTargetsInParallel = 1;
				LastSwiftUpdateCheck = 1540;
				LastUpgradeCheck = 1540;
				TargetAttributes = {
					B4110A972CA34E0500A402B4 = {
						CreatedOnToolsVersion = 15.4;
					};
				};
			};
			buildConfigurationList = B4110A932CA34E0500A402B4 /* Build configuration list for PBXProject "HoroscopeApp" */;
			compatibilityVersion = "Xcode 14.0";
			developmentRegion = en;
			hasScannedForEncodings = 0;
			knownRegions = (
				en,
				Base,
			);
			mainGroup = B4110A8F2CA34E0500A402B4;
			productRefGroup = B4110A992CA34E0500A402B4 /* Products */;
			projectDirPath = "";
			projectRoot = "";
			targets = (
				B4110A972CA34E0500A402B4 /* HoroscopeApp */,
			);
		};
/* End PBXProject section */

/* Begin PBXResourcesBuildPhase section */
		B4110A962CA34E0500A402B4 /* Resources */ = {
			isa = PBXResourcesBuildPhase;
			buildActionMask = 2147483647;
			files = (
				B4110AA52CA34E0600A402B4 /* Assets.xcassets in Resources */,
				B466EC692CADC99F001C8642 /* Zodiac.json in Resources */,
			);
			runOnlyForDeploymentPostprocessing = 0;
		};
/* End PBXResourcesBuildPhase section */

/* Begin PBXSourcesBuildPhase section */
		B4110A942CA34E0500A402B4 /* Sources */ = {
			isa = PBXSourcesBuildPhase;
			buildActionMask = 2147483647;
			files = (
				B466ECA72CB3129F001C8642 /* HoroscopeVC.swift in Sources */,
				B466ECAA2CB3174E001C8642 /* HeaderView.swift in Sources */,
				B4110AB32CA3549500A402B4 /* SunSignCell.swift in Sources */,
				B466ECB02CB6A7AD001C8642 /* NetworkManager.swift in Sources */,
				B466EC7F2CAF09E4001C8642 /* UIViewController+Ext.swift in Sources */,
				B466EC832CAFAFE1001C8642 /* ScrollableVC.swift in Sources */,
				B4110AA02CA34E0500A402B4 /* SelectSunSignVC.swift in Sources */,
				B466ECAC2CB4FF43001C8642 /* SignView.swift in Sources */,
				B4110AB82CA69EA700A402B4 /* SunSign.swift in Sources */,
				B466EC812CAF1911001C8642 /* HoroscopeDetailsVC.swift in Sources */,
				B466EC6E2CADD922001C8642 /* Date+Ext.swift in Sources */,
				B466EC772CAEB5E9001C8642 /* TitleLabel.swift in Sources */,
				B4110A9C2CA34E0500A402B4 /* AppDelegate.swift in Sources */,
				B466ECB22CB6A82E001C8642 /* HoroscopeError.swift in Sources */,
				B466ECA52CB31161001C8642 /* TraitsVC.swift in Sources */,
				B466ECB42CB7CDB1001C8642 /* ZodiacTraitCacheManager.swift in Sources */,
				B466EC732CAEB4B0001C8642 /* AlertView.swift in Sources */,
				B466EC7D2CAF08E4001C8642 /* AlertViewController.swift in Sources */,
				B4110A9E2CA34E0500A402B4 /* SceneDelegate.swift in Sources */,
				B466EC712CAE76AB001C8642 /* PersistenceManager.swift in Sources */,
				B466EC6B2CADD3D1001C8642 /* ZodiacSign.swift in Sources */,
				B466ECAE2CB6A21D001C8642 /* Traits.swift in Sources */,
				B466EC672CADC439001C8642 /* Constants.swift in Sources */,
			);
			runOnlyForDeploymentPostprocessing = 0;
		};
/* End PBXSourcesBuildPhase section */

/* Begin XCBuildConfiguration section */
		B4110AAA2CA34E0600A402B4 /* Debug */ = {
			isa = XCBuildConfiguration;
			buildSettings = {
				ALWAYS_SEARCH_USER_PATHS = NO;
				ASSETCATALOG_COMPILER_GENERATE_SWIFT_ASSET_SYMBOL_EXTENSIONS = YES;
				CLANG_ANALYZER_NONNULL = YES;
				CLANG_ANALYZER_NUMBER_OBJECT_CONVERSION = YES_AGGRESSIVE;
				CLANG_CXX_LANGUAGE_STANDARD = "gnu++20";
				CLANG_ENABLE_MODULES = YES;
				CLANG_ENABLE_OBJC_ARC = YES;
				CLANG_ENABLE_OBJC_WEAK = YES;
				CLANG_WARN_BLOCK_CAPTURE_AUTORELEASING = YES;
				CLANG_WARN_BOOL_CONVERSION = YES;
				CLANG_WARN_COMMA = YES;
				CLANG_WARN_CONSTANT_CONVERSION = YES;
				CLANG_WARN_DEPRECATED_OBJC_IMPLEMENTATIONS = YES;
				CLANG_WARN_DIRECT_OBJC_ISA_USAGE = YES_ERROR;
				CLANG_WARN_DOCUMENTATION_COMMENTS = YES;
				CLANG_WARN_EMPTY_BODY = YES;
				CLANG_WARN_ENUM_CONVERSION = YES;
				CLANG_WARN_INFINITE_RECURSION = YES;
				CLANG_WARN_INT_CONVERSION = YES;
				CLANG_WARN_NON_LITERAL_NULL_CONVERSION = YES;
				CLANG_WARN_OBJC_IMPLICIT_RETAIN_SELF = YES;
				CLANG_WARN_OBJC_LITERAL_CONVERSION = YES;
				CLANG_WARN_OBJC_ROOT_CLASS = YES_ERROR;
				CLANG_WARN_QUOTED_INCLUDE_IN_FRAMEWORK_HEADER = YES;
				CLANG_WARN_RANGE_LOOP_ANALYSIS = YES;
				CLANG_WARN_STRICT_PROTOTYPES = YES;
				CLANG_WARN_SUSPICIOUS_MOVE = YES;
				CLANG_WARN_UNGUARDED_AVAILABILITY = YES_AGGRESSIVE;
				CLANG_WARN_UNREACHABLE_CODE = YES;
				CLANG_WARN__DUPLICATE_METHOD_MATCH = YES;
				COPY_PHASE_STRIP = NO;
				DEBUG_INFORMATION_FORMAT = dwarf;
				ENABLE_STRICT_OBJC_MSGSEND = YES;
				ENABLE_TESTABILITY = YES;
				ENABLE_USER_SCRIPT_SANDBOXING = YES;
				GCC_C_LANGUAGE_STANDARD = gnu17;
				GCC_DYNAMIC_NO_PIC = NO;
				GCC_NO_COMMON_BLOCKS = YES;
				GCC_OPTIMIZATION_LEVEL = 0;
				GCC_PREPROCESSOR_DEFINITIONS = (
					"DEBUG=1",
					"$(inherited)",
				);
				GCC_WARN_64_TO_32_BIT_CONVERSION = YES;
				GCC_WARN_ABOUT_RETURN_TYPE = YES_ERROR;
				GCC_WARN_UNDECLARED_SELECTOR = YES;
				GCC_WARN_UNINITIALIZED_AUTOS = YES_AGGRESSIVE;
				GCC_WARN_UNUSED_FUNCTION = YES;
				GCC_WARN_UNUSED_VARIABLE = YES;
				IPHONEOS_DEPLOYMENT_TARGET = 17.5;
				LOCALIZATION_PREFERS_STRING_CATALOGS = YES;
				MTL_ENABLE_DEBUG_INFO = INCLUDE_SOURCE;
				MTL_FAST_MATH = YES;
				ONLY_ACTIVE_ARCH = YES;
				SDKROOT = iphoneos;
				SWIFT_ACTIVE_COMPILATION_CONDITIONS = "DEBUG $(inherited)";
				SWIFT_OPTIMIZATION_LEVEL = "-Onone";
			};
			name = Debug;
		};
		B4110AAB2CA34E0600A402B4 /* Release */ = {
			isa = XCBuildConfiguration;
			buildSettings = {
				ALWAYS_SEARCH_USER_PATHS = NO;
				ASSETCATALOG_COMPILER_GENERATE_SWIFT_ASSET_SYMBOL_EXTENSIONS = YES;
				CLANG_ANALYZER_NONNULL = YES;
				CLANG_ANALYZER_NUMBER_OBJECT_CONVERSION = YES_AGGRESSIVE;
				CLANG_CXX_LANGUAGE_STANDARD = "gnu++20";
				CLANG_ENABLE_MODULES = YES;
				CLANG_ENABLE_OBJC_ARC = YES;
				CLANG_ENABLE_OBJC_WEAK = YES;
				CLANG_WARN_BLOCK_CAPTURE_AUTORELEASING = YES;
				CLANG_WARN_BOOL_CONVERSION = YES;
				CLANG_WARN_COMMA = YES;
				CLANG_WARN_CONSTANT_CONVERSION = YES;
				CLANG_WARN_DEPRECATED_OBJC_IMPLEMENTATIONS = YES;
				CLANG_WARN_DIRECT_OBJC_ISA_USAGE = YES_ERROR;
				CLANG_WARN_DOCUMENTATION_COMMENTS = YES;
				CLANG_WARN_EMPTY_BODY = YES;
				CLANG_WARN_ENUM_CONVERSION = YES;
				CLANG_WARN_INFINITE_RECURSION = YES;
				CLANG_WARN_INT_CONVERSION = YES;
				CLANG_WARN_NON_LITERAL_NULL_CONVERSION = YES;
				CLANG_WARN_OBJC_IMPLICIT_RETAIN_SELF = YES;
				CLANG_WARN_OBJC_LITERAL_CONVERSION = YES;
				CLANG_WARN_OBJC_ROOT_CLASS = YES_ERROR;
				CLANG_WARN_QUOTED_INCLUDE_IN_FRAMEWORK_HEADER = YES;
				CLANG_WARN_RANGE_LOOP_ANALYSIS = YES;
				CLANG_WARN_STRICT_PROTOTYPES = YES;
				CLANG_WARN_SUSPICIOUS_MOVE = YES;
				CLANG_WARN_UNGUARDED_AVAILABILITY = YES_AGGRESSIVE;
				CLANG_WARN_UNREACHABLE_CODE = YES;
				CLANG_WARN__DUPLICATE_METHOD_MATCH = YES;
				COPY_PHASE_STRIP = NO;
				DEBUG_INFORMATION_FORMAT = "dwarf-with-dsym";
				ENABLE_NS_ASSERTIONS = NO;
				ENABLE_STRICT_OBJC_MSGSEND = YES;
				ENABLE_USER_SCRIPT_SANDBOXING = YES;
				GCC_C_LANGUAGE_STANDARD = gnu17;
				GCC_NO_COMMON_BLOCKS = YES;
				GCC_WARN_64_TO_32_BIT_CONVERSION = YES;
				GCC_WARN_ABOUT_RETURN_TYPE = YES_ERROR;
				GCC_WARN_UNDECLARED_SELECTOR = YES;
				GCC_WARN_UNINITIALIZED_AUTOS = YES_AGGRESSIVE;
				GCC_WARN_UNUSED_FUNCTION = YES;
				GCC_WARN_UNUSED_VARIABLE = YES;
				IPHONEOS_DEPLOYMENT_TARGET = 17.5;
				LOCALIZATION_PREFERS_STRING_CATALOGS = YES;
				MTL_ENABLE_DEBUG_INFO = NO;
				MTL_FAST_MATH = YES;
				SDKROOT = iphoneos;
				SWIFT_COMPILATION_MODE = wholemodule;
				VALIDATE_PRODUCT = YES;
			};
			name = Release;
		};
		B4110AAD2CA34E0600A402B4 /* Debug */ = {
			isa = XCBuildConfiguration;
			buildSettings = {
				ASSETCATALOG_COMPILER_APPICON_NAME = AppIcon;
				ASSETCATALOG_COMPILER_GLOBAL_ACCENT_COLOR_NAME = AccentColor;
				CODE_SIGN_STYLE = Automatic;
				CURRENT_PROJECT_VERSION = 1;
				DEVELOPMENT_TEAM = WBT765N7KM;
				GENERATE_INFOPLIST_FILE = YES;
				INFOPLIST_FILE = HoroscopeApp/Info.plist;
				INFOPLIST_KEY_UIApplicationSupportsIndirectInputEvents = YES;
				INFOPLIST_KEY_UILaunchStoryboardName = LaunchScreen;
				INFOPLIST_KEY_UISupportedInterfaceOrientations_iPad = "UIInterfaceOrientationPortrait UIInterfaceOrientationPortraitUpsideDown UIInterfaceOrientationLandscapeLeft UIInterfaceOrientationLandscapeRight";
				INFOPLIST_KEY_UISupportedInterfaceOrientations_iPhone = "UIInterfaceOrientationPortrait UIInterfaceOrientationLandscapeLeft UIInterfaceOrientationLandscapeRight";
				LD_RUNPATH_SEARCH_PATHS = (
					"$(inherited)",
					"@executable_path/Frameworks",
				);
				MARKETING_VERSION = 1.0;
				PRODUCT_BUNDLE_IDENTIFIER = com.ritika.HoroscopeApp;
				PRODUCT_NAME = "$(TARGET_NAME)";
				SWIFT_EMIT_LOC_STRINGS = YES;
				SWIFT_VERSION = 5.0;
				TARGETED_DEVICE_FAMILY = "1,2";
			};
			name = Debug;
		};
		B4110AAE2CA34E0600A402B4 /* Release */ = {
			isa = XCBuildConfiguration;
			buildSettings = {
				ASSETCATALOG_COMPILER_APPICON_NAME = AppIcon;
				ASSETCATALOG_COMPILER_GLOBAL_ACCENT_COLOR_NAME = AccentColor;
				CODE_SIGN_STYLE = Automatic;
				CURRENT_PROJECT_VERSION = 1;
				DEVELOPMENT_TEAM = WBT765N7KM;
				GENERATE_INFOPLIST_FILE = YES;
				INFOPLIST_FILE = HoroscopeApp/Info.plist;
				INFOPLIST_KEY_UIApplicationSupportsIndirectInputEvents = YES;
				INFOPLIST_KEY_UILaunchStoryboardName = LaunchScreen;
				INFOPLIST_KEY_UISupportedInterfaceOrientations_iPad = "UIInterfaceOrientationPortrait UIInterfaceOrientationPortraitUpsideDown UIInterfaceOrientationLandscapeLeft UIInterfaceOrientationLandscapeRight";
				INFOPLIST_KEY_UISupportedInterfaceOrientations_iPhone = "UIInterfaceOrientationPortrait UIInterfaceOrientationLandscapeLeft UIInterfaceOrientationLandscapeRight";
				LD_RUNPATH_SEARCH_PATHS = (
					"$(inherited)",
					"@executable_path/Frameworks",
				);
				MARKETING_VERSION = 1.0;
				PRODUCT_BUNDLE_IDENTIFIER = com.ritika.HoroscopeApp;
				PRODUCT_NAME = "$(TARGET_NAME)";
				SWIFT_EMIT_LOC_STRINGS = YES;
				SWIFT_VERSION = 5.0;
				TARGETED_DEVICE_FAMILY = "1,2";
			};
			name = Release;
		};
/* End XCBuildConfiguration section */

/* Begin XCConfigurationList section */
		B4110A932CA34E0500A402B4 /* Build configuration list for PBXProject "HoroscopeApp" */ = {
			isa = XCConfigurationList;
			buildConfigurations = (
				B4110AAA2CA34E0600A402B4 /* Debug */,
				B4110AAB2CA34E0600A402B4 /* Release */,
			);
			defaultConfigurationIsVisible = 0;
			defaultConfigurationName = Release;
		};
		B4110AAC2CA34E0600A402B4 /* Build configuration list for PBXNativeTarget "HoroscopeApp" */ = {
			isa = XCConfigurationList;
			buildConfigurations = (
				B4110AAD2CA34E0600A402B4 /* Debug */,
				B4110AAE2CA34E0600A402B4 /* Release */,
			);
			defaultConfigurationIsVisible = 0;
			defaultConfigurationName = Release;
		};
/* End XCConfigurationList section */
	};
	rootObject = B4110A902CA34E0500A402B4 /* Project object */;
}
